
Microsoft Visual Studio Solution File, Format Version 12.00
# Visual Studio Version 17
VisualStudioVersion = 17.0.32126.317
MinimumVisualStudioVersion = 10.0.40219.1
Project("{FAE04EC0-301F-11D3-BF4B-00C04F79EFBC}") = "EquitityManagement.Windows.App", "EquitityManagement.Windows.App\EquitityManagement.Windows.App.csproj", "{9E0C68BF-CE0A-4D5A-A035-42CEDA24C58A}"
EndProject
Project("{FAE04EC0-301F-11D3-BF4B-00C04F79EFBC}") = "EquitityManagement.Core", "EquitityManagement.Core\EquitityManagement.Core.csproj", "{EEEEBAB0-75AE-4450-B35E-498E1EDAFE50}"
EndProject
Global
	GlobalSection(SolutionConfigurationPlatforms) = preSolution
		Debug|Any CPU = Debug|Any CPU
		Release|Any CPU = Release|Any CPU
	EndGlobalSection
	GlobalSection(ProjectConfigurationPlatforms) = postSolution
		{9E0C68BF-CE0A-4D5A-A035-42CEDA24C58A}.Debug|Any CPU.ActiveCfg = Debug|Any CPU
		{9E0C68BF-CE0A-4D5A-A035-42CEDA24C58A}.Debug|Any CPU.Build.0 = Debug|Any CPU
		{9E0C68BF-CE0A-4D5A-A035-42CEDA24C58A}.Release|Any CPU.ActiveCfg = Release|Any CPU
		{9E0C68BF-CE0A-4D5A-A035-42CEDA24C58A}.Release|Any CPU.Build.0 = Release|Any CPU
		{EEEEBAB0-75AE-4450-B35E-498E1EDAFE50}.Debug|Any CPU.ActiveCfg = Debug|Any CPU
		{EEEEBAB0-75AE-4450-B35E-498E1EDAFE50}.Debug|Any CPU.Build.0 = Debug|Any CPU
		{EEEEBAB0-75AE-4450-B35E-498E1EDAFE50}.Release|Any CPU.ActiveCfg = Release|Any CPU
		{EEEEBAB0-75AE-4450-B35E-498E1EDAFE50}.Release|Any CPU.Build.0 = Release|Any CPU
	EndGlobalSection
	GlobalSection(SolutionProperties) = preSolution
		HideSolutionNode = FALSE
	EndGlobalSection
	GlobalSection(ExtensibilityGlobals) = postSolution
		SolutionGuid = {699D25C6-188B-4EE0-875A-FB39068C9815}
	EndGlobalSection
EndGlobal
